github.com/golang-jwt/jwt/v5 v5.2.2 h1:Rl4B7itRWVtYIHFrSNd7vhTiz9UpLdi6gZhZ3wEeDy8=
github.com/golang-jwt/jwt/v5 v5.2.2/go.mod h1:pqrtFR0X4osieyHYxtmOUWsAWrfe1Q5UVIyoH402zdk=
github.com/google/uuid v1.6.0 h1:NIvaJDMOsjHA8n1jAhLSgzrAzy1Hgr+hNrb57e+94F0=
github.com/google/uuid v1.6.0/go.mod h1:TIyPZe4MgqvfeYDBFedMoGGpEw/LqOeaOT+nhxU+yHo=
github.com/js402/cate v0.0.0-20250414172403-2ab6009c46c0 h1:Jt9pt3ipxnXalS9pl12HuIG7UfePHEYWPD9pNYYeC6w=
github.com/js402/cate v0.0.0-20250414172403-2ab6009c46c0/go.mod h1:A9NisYNRg/KiiKTQMSk0qwV3xToCljeAX1Po0x38phc=
